{
  "name": "JOBBOX",
  "lockfileVersion": 3,
  "requires": true,
  "packages": {
    "": {
      "dependencies": {
        "@expo/vector-icons": "^13.0.0"
      }
    },
    "node_modules/@expo/vector-icons": {
      "version": "13.0.0",
      "resolved": "https://registry.npmjs.org/@expo/vector-icons/-/vector-icons-13.0.0.tgz",
      "integrity": "sha512-TI+l71+5aSKnShYclFa14Kum+hQMZ86b95SH6tQUG3qZEmLTarvWpKwqtTwQKqvlJSJrpFiSFu3eCuZokY6zWA=="
    }
  }
}
